// !$*UTF8*$!
{
	archiveVersion = 1;
	classes = {
	};
	objectVersion = 48;
	objects = {

/* Begin PBXBuildFile section */
		A9C9BC3F201F01F500AA5F42 /* StampCell.swift in Sources */ = {isa = PBXBuildFile; fileRef = A9C9BC3E201F01F500AA5F42 /* StampCell.swift */; };
		A9C9BC412020913000AA5F42 /* RegisterViewController.swift in Sources */ = {isa = PBXBuildFile; fileRef = A9C9BC402020913000AA5F42 /* RegisterViewController.swift */; };
		A9C9BC5620236C3000AA5F42 /* SelectShopViewController.swift in Sources */ = {isa = PBXBuildFile; fileRef = A9C9BC5520236C3000AA5F42 /* SelectShopViewController.swift */; };
		A9E4DB27201AE917006B8B4C /* AppDelegate.swift in Sources */ = {isa = PBXBuildFile; fileRef = A9E4DB26201AE917006B8B4C /* AppDelegate.swift */; };
		A9E4DB29201AE917006B8B4C /* ViewController.swift in Sources */ = {isa = PBXBuildFile; fileRef = A9E4DB28201AE917006B8B4C /* ViewController.swift */; };
		A9E4DB2C201AE917006B8B4C /* Main.storyboard in Resources */ = {isa = PBXBuildFile; fileRef = A9E4DB2A201AE917006B8B4C /* Main.storyboard */; };
		A9E4DB2E201AE917006B8B4C /* Assets.xcassets in Resources */ = {isa = PBXBuildFile; fileRef = A9E4DB2D201AE917006B8B4C /* Assets.xcassets */; };
		A9E4DB31201AE917006B8B4C /* LaunchScreen.storyboard in Resources */ = {isa = PBXBuildFile; fileRef = A9E4DB2F201AE917006B8B4C /* LaunchScreen.storyboard */; };
		A9E4DB39201AEA47006B8B4C /* LoginViewController.swift in Sources */ = {isa = PBXBuildFile; fileRef = A9E4DB38201AEA47006B8B4C /* LoginViewController.swift */; };
		A9E4DB3B201AED8F006B8B4C /* ProfileViewController.swift in Sources */ = {isa = PBXBuildFile; fileRef = A9E4DB3A201AED8F006B8B4C /* ProfileViewController.swift */; };
		A9E4DB3D201AF8DD006B8B4C /* ShopCell.swift in Sources */ = {isa = PBXBuildFile; fileRef = A9E4DB3C201AF8DD006B8B4C /* ShopCell.swift */; };
		A9E4DB3F201AF930006B8B4C /* Shops.swift in Sources */ = {isa = PBXBuildFile; fileRef = A9E4DB3E201AF930006B8B4C /* Shops.swift */; };
		A9E4DB41201BF681006B8B4C /* StampViewController.swift in Sources */ = {isa = PBXBuildFile; fileRef = A9E4DB40201BF681006B8B4C /* StampViewController.swift */; };
		A9F14A752027D68400B697F9 /* SecondProfile.swift in Sources */ = {isa = PBXBuildFile; fileRef = A9F14A742027D68400B697F9 /* SecondProfile.swift */; };
		A9F14A772027D6D700B697F9 /* SecondProfileCell.swift in Sources */ = {isa = PBXBuildFile; fileRef = A9F14A762027D6D700B697F9 /* SecondProfileCell.swift */; };
		FE4FA2D62E2DE068D839D1A3 /* Pods_StampCard.framework in Frameworks */ = {isa = PBXBuildFile; fileRef = 4A9D9F15F77EF52A0A5334FD /* Pods_StampCard.framework */; };
/* End PBXBuildFile section */

/* Begin PBXFileReference section */
		4A9D9F15F77EF52A0A5334FD /* Pods_StampCard.framework */ = {isa = PBXFileReference; explicitFileType = wrapper.framework; includeInIndex = 0; path = Pods_StampCard.framework; sourceTree = BUILT_PRODUCTS_DIR; };
		A9C9BC3E201F01F500AA5F42 /* StampCell.swift */ = {isa = PBXFileReference; lastKnownFileType = sourcecode.swift; path = StampCell.swift; sourceTree = "<group>"; };
		A9C9BC402020913000AA5F42 /* RegisterViewController.swift */ = {isa = PBXFileReference; lastKnownFileType = sourcecode.swift; path = RegisterViewController.swift; sourceTree = "<group>"; };
		A9C9BC5520236C3000AA5F42 /* SelectShopViewController.swift */ = {isa = PBXFileReference; lastKnownFileType = sourcecode.swift; path = SelectShopViewController.swift; sourceTree = "<group>"; };
		A9E4DB23201AE917006B8B4C /* StampCard.app */ = {isa = PBXFileReference; explicitFileType = wrapper.application; includeInIndex = 0; path = StampCard.app; sourceTree = BUILT_PRODUCTS_DIR; };
		A9E4DB26201AE917006B8B4C /* AppDelegate.swift */ = {isa = PBXFileReference; lastKnownFileType = sourcecode.swift; path = AppDelegate.swift; sourceTree = "<group>"; };
		A9E4DB28201AE917006B8B4C /* ViewController.swift */ = {isa = PBXFileReference; lastKnownFileType = sourcecode.swift; path = ViewController.swift; sourceTree = "<group>"; };
		A9E4DB2B201AE917006B8B4C /* Base */ = {isa = PBXFileReference; lastKnownFileType = file.storyboard; name = Base; path = Base.lproj/Main.storyboard; sourceTree = "<group>"; };
		A9E4DB2D201AE917006B8B4C /* Assets.xcassets */ = {isa = PBXFileReference; lastKnownFileType = folder.assetcatalog; path = Assets.xcassets; sourceTree = "<group>"; };
		A9E4DB30201AE917006B8B4C /* Base */ = {isa = PBXFileReference; lastKnownFileType = file.storyboard; name = Base; path = Base.lproj/LaunchScreen.storyboard; sourceTree = "<group>"; };
		A9E4DB32201AE917006B8B4C /* Info.plist */ = {isa = PBXFileReference; lastKnownFileType = text.plist.xml; path = Info.plist; sourceTree = "<group>"; };
		A9E4DB38201AEA47006B8B4C /* LoginViewController.swift */ = {isa = PBXFileReference; lastKnownFileType = sourcecode.swift; path = LoginViewController.swift; sourceTree = "<group>"; };
		A9E4DB3A201AED8F006B8B4C /* ProfileViewController.swift */ = {isa = PBXFileReference; lastKnownFileType = sourcecode.swift; path = ProfileViewController.swift; sourceTree = "<group>"; };
		A9E4DB3C201AF8DD006B8B4C /* ShopCell.swift */ = {isa = PBXFileReference; lastKnownFileType = sourcecode.swift; path = ShopCell.swift; sourceTree = "<group>"; };
		A9E4DB3E201AF930006B8B4C /* Shops.swift */ = {isa = PBXFileReference; lastKnownFileType = sourcecode.swift; path = Shops.swift; sourceTree = "<group>"; };
		A9E4DB40201BF681006B8B4C /* StampViewController.swift */ = {isa = PBXFileReference; lastKnownFileType = sourcecode.swift; path = StampViewController.swift; sourceTree = "<group>"; };
		A9F14A742027D68400B697F9 /* SecondProfile.swift */ = {isa = PBXFileReference; lastKnownFileType = sourcecode.swift; path = SecondProfile.swift; sourceTree = "<group>"; };
		A9F14A762027D6D700B697F9 /* SecondProfileCell.swift */ = {isa = PBXFileReference; lastKnownFileType = sourcecode.swift; path = SecondProfileCell.swift; sourceTree = "<group>"; };
		AAAF88FC83A76610608FCC7A /* Pods-StampCard.release.xcconfig */ = {isa = PBXFileReference; includeInIndex = 1; lastKnownFileType = text.xcconfig; name = "Pods-StampCard.release.xcconfig"; path = "Pods/Target Support Files/Pods-StampCard/Pods-StampCard.release.xcconfig"; sourceTree = "<group>"; };
		FB9911E0C466C1B91AC054F6 /* Pods-StampCard.debug.xcconfig */ = {isa = PBXFileReference; includeInIndex = 1; lastKnownFileType = text.xcconfig; name = "Pods-StampCard.debug.xcconfig"; path = "Pods/Target Support Files/Pods-StampCard/Pods-StampCard.debug.xcconfig"; sourceTree = "<group>"; };
/* End PBXFileReference section */

/* Begin PBXFrameworksBuildPhase section */
		A9E4DB20201AE917006B8B4C /* Frameworks */ = {
			isa = PBXFrameworksBuildPhase;
			buildActionMask = 2147483647;
			files = (
				FE4FA2D62E2DE068D839D1A3 /* Pods_StampCard.framework in Frameworks */,
			);
			runOnlyForDeploymentPostprocessing = 0;
		};
/* End PBXFrameworksBuildPhase section */

/* Begin PBXGroup section */
		913F6A6A5F3D7B2F732476A2 /* Pods */ = {
			isa = PBXGroup;
			children = (
				FB9911E0C466C1B91AC054F6 /* Pods-StampCard.debug.xcconfig */,
				AAAF88FC83A76610608FCC7A /* Pods-StampCard.release.xcconfig */,
			);
			name = Pods;
			sourceTree = "<group>";
		};
		A9E4DB1A201AE917006B8B4C = {
			isa = PBXGroup;
			children = (
				A9E4DB25201AE917006B8B4C /* StampCard */,
				A9E4DB24201AE917006B8B4C /* Products */,
				913F6A6A5F3D7B2F732476A2 /* Pods */,
				F3E4BCACED1FAA8E0B6A3732 /* Frameworks */,
			);
			sourceTree = "<group>";
		};
		A9E4DB24201AE917006B8B4C /* Products */ = {
			isa = PBXGroup;
			children = (
				A9E4DB23201AE917006B8B4C /* StampCard.app */,
			);
			name = Products;
			sourceTree = "<group>";
		};
		A9E4DB25201AE917006B8B4C /* StampCard */ = {
			isa = PBXGroup;
			children = (
				A9E4DB26201AE917006B8B4C /* AppDelegate.swift */,
				A9E4DB28201AE917006B8B4C /* ViewController.swift */,
				A9E4DB38201AEA47006B8B4C /* LoginViewController.swift */,
				A9E4DB3A201AED8F006B8B4C /* ProfileViewController.swift */,
				A9F14A742027D68400B697F9 /* SecondProfile.swift */,
				A9F14A762027D6D700B697F9 /* SecondProfileCell.swift */,
				A9E4DB3C201AF8DD006B8B4C /* ShopCell.swift */,
				A9E4DB3E201AF930006B8B4C /* Shops.swift */,
				A9E4DB40201BF681006B8B4C /* StampViewController.swift */,
				A9C9BC3E201F01F500AA5F42 /* StampCell.swift */,
				A9C9BC402020913000AA5F42 /* RegisterViewController.swift */,
				A9C9BC5520236C3000AA5F42 /* SelectShopViewController.swift */,
				A9E4DB2A201AE917006B8B4C /* Main.storyboard */,
				A9E4DB2D201AE917006B8B4C /* Assets.xcassets */,
				A9E4DB2F201AE917006B8B4C /* LaunchScreen.storyboard */,
				A9E4DB32201AE917006B8B4C /* Info.plist */,
			);
			path = StampCard;
			sourceTree = "<group>";
		};
		F3E4BCACED1FAA8E0B6A3732 /* Frameworks */ = {
			isa = PBXGroup;
			children = (
				4A9D9F15F77EF52A0A5334FD /* Pods_StampCard.framework */,
			);
			name = Frameworks;
			sourceTree = "<group>";
		};
/* End PBXGroup section */

/* Begin PBXNativeTarget section */
		A9E4DB22201AE917006B8B4C /* StampCard */ = {
			isa = PBXNativeTarget;
			buildConfigurationList = A9E4DB35201AE917006B8B4C /* Build configuration list for PBXNativeTarget "StampCard" */;
			buildPhases = (
				EA8BF94370EFE5B6E9F675FD /* [CP] Check Pods Manifest.lock */,
				A9E4DB1F201AE917006B8B4C /* Sources */,
				A9E4DB20201AE917006B8B4C /* Frameworks */,
				A9E4DB21201AE917006B8B4C /* Resources */,
				1FE7F4E53F850B99437EF39D /* [CP] Embed Pods Frameworks */,
				ADFBECA569D5B7D151EE0730 /* [CP] Copy Pods Resources */,
			);
			buildRules = (
			);
			dependencies = (
			);
			name = StampCard;
			productName = StampCard;
			productReference = A9E4DB23201AE917006B8B4C /* StampCard.app */;
			productType = "com.apple.product-type.application";
		};
/* End PBXNativeTarget section */

/* Begin PBXProject section */
		A9E4DB1B201AE917006B8B4C /* Project object */ = {
			isa = PBXProject;
			attributes = {
				LastSwiftUpdateCheck = 0920;
				LastUpgradeCheck = 0920;
				ORGANIZATIONNAME = "Tsuneo Ootoshi";
				TargetAttributes = {
					A9E4DB22201AE917006B8B4C = {
						CreatedOnToolsVersion = 9.2;
						ProvisioningStyle = Automatic;
					};
				};
			};
			buildConfigurationList = A9E4DB1E201AE917006B8B4C /* Build configuration list for PBXProject "StampCard" */;
			compatibilityVersion = "Xcode 8.0";
			developmentRegion = en;
			hasScannedForEncodings = 0;
			knownRegions = (
				en,
				Base,
			);
			mainGroup = A9E4DB1A201AE917006B8B4C;
			productRefGroup = A9E4DB24201AE917006B8B4C /* Products */;
			projectDirPath = "";
			projectRoot = "";
			targets = (
				A9E4DB22201AE917006B8B4C /* StampCard */,
			);
		};
/* End PBXProject section */

/* Begin PBXResourcesBuildPhase section */
		A9E4DB21201AE917006B8B4C /* Resources */ = {
			isa = PBXResourcesBuildPhase;
			buildActionMask = 2147483647;
			files = (
				A9E4DB31201AE917006B8B4C /* LaunchScreen.storyboard in Resources */,
				A9E4DB2E201AE917006B8B4C /* Assets.xcassets in Resources */,
				A9E4DB2C201AE917006B8B4C /* Main.storyboard in Resources */,
			);
			runOnlyForDeploymentPostprocessing = 0;
		};
/* End PBXResourcesBuildPhase section */

/* Begin PBXShellScriptBuildPhase section */
		1FE7F4E53F850B99437EF39D /* [CP] Embed Pods Frameworks */ = {
			isa = PBXShellScriptBuildPhase;
			buildActionMask = 2147483647;
			files = (
			);
			inputPaths = (
				"${SRCROOT}/Pods/Target Support Files/Pods-StampCard/Pods-StampCard-frameworks.sh",
				"${BUILT_PRODUCTS_DIR}/Alamofire/Alamofire.framework",
				"${BUILT_PRODUCTS_DIR}/SwiftyJSON/SwiftyJSON.framework",
			);
			name = "[CP] Embed Pods Frameworks";
			outputPaths = (
				"${TARGET_BUILD_DIR}/${FRAMEWORKS_FOLDER_PATH}/Alamofire.framework",
				"${TARGET_BUILD_DIR}/${FRAMEWORKS_FOLDER_PATH}/SwiftyJSON.framework",
			);
			runOnlyForDeploymentPostprocessing = 0;
			shellPath = /bin/sh;
			shellScript = "\"${SRCROOT}/Pods/Target Support Files/Pods-StampCard/Pods-StampCard-frameworks.sh\"\n";
			showEnvVarsInLog = 0;
		};
		ADFBECA569D5B7D151EE0730 /* [CP] Copy Pods Resources */ = {
			isa = PBXShellScriptBuildPhase;
			buildActionMask = 2147483647;
			files = (
			);
			inputPaths = (
			);
			name = "[CP] Copy Pods Resources";
			outputPaths = (
			);
			runOnlyForDeploymentPostprocessing = 0;
			shellPath = /bin/sh;
			shellScript = "\"${SRCROOT}/Pods/Target Support Files/Pods-StampCard/Pods-StampCard-resources.sh\"\n";
			showEnvVarsInLog = 0;
		};
		EA8BF94370EFE5B6E9F675FD /* [CP] Check Pods Manifest.lock */ = {
			isa = PBXShellScriptBuildPhase;
			buildActionMask = 2147483647;
			files = (
			);
			inputPaths = (
				"${PODS_PODFILE_DIR_PATH}/Podfile.lock",
				"${PODS_ROOT}/Manifest.lock",
			);
			name = "[CP] Check Pods Manifest.lock";
			outputPaths = (
				"$(DERIVED_FILE_DIR)/Pods-StampCard-checkManifestLockResult.txt",
			);
			runOnlyForDeploymentPostprocessing = 0;
			shellPath = /bin/sh;
			shellScript = "diff \"${PODS_PODFILE_DIR_PATH}/Podfile.lock\" \"${PODS_ROOT}/Manifest.lock\" > /dev/null\nif [ $? != 0 ] ; then\n    # print error to STDERR\n    echo \"error: The sandbox is not in sync with the Podfile.lock. Run 'pod install' or update your CocoaPods installation.\" >&2\n    exit 1\nfi\n# This output is used by Xcode 'outputs' to avoid re-running this script phase.\necho \"SUCCESS\" > \"${SCRIPT_OUTPUT_FILE_0}\"\n";
			showEnvVarsInLog = 0;
		};
/* End PBXShellScriptBuildPhase section */

/* Begin PBXSourcesBuildPhase section */
		A9E4DB1F201AE917006B8B4C /* Sources */ = {
			isa = PBXSourcesBuildPhase;
			buildActionMask = 2147483647;
			files = (
				A9F14A752027D68400B697F9 /* SecondProfile.swift in Sources */,
				A9C9BC412020913000AA5F42 /* RegisterViewController.swift in Sources */,
				A9E4DB39201AEA47006B8B4C /* LoginViewController.swift in Sources */,
				A9E4DB41201BF681006B8B4C /* StampViewController.swift in Sources */,
				A9E4DB29201AE917006B8B4C /* ViewController.swift in Sources */,
				A9E4DB3B201AED8F006B8B4C /* ProfileViewController.swift in Sources */,
				A9E4DB27201AE917006B8B4C /* AppDelegate.swift in Sources */,
				A9F14A772027D6D700B697F9 /* SecondProfileCell.swift in Sources */,
				A9C9BC5620236C3000AA5F42 /* SelectShopViewController.swift in Sources */,
				A9E4DB3D201AF8DD006B8B4C /* ShopCell.swift in Sources */,
				A9E4DB3F201AF930006B8B4C /* Shops.swift in Sources */,
				A9C9BC3F201F01F500AA5F42 /* StampCell.swift in Sources */,
			);
			runOnlyForDeploymentPostprocessing = 0;
		};
/* End PBXSourcesBuildPhase section */

/* Begin PBXVariantGroup section */
		A9E4DB2A201AE917006B8B4C /* Main.storyboard */ = {
			isa = PBXVariantGroup;
			children = (
				A9E4DB2B201AE917006B8B4C /* Base */,
			);
			name = Main.storyboard;
			sourceTree = "<group>";
		};
		A9E4DB2F201AE917006B8B4C /* LaunchScreen.storyboard */ = {
			isa = PBXVariantGroup;
			children = (
				A9E4DB30201AE917006B8B4C /* Base */,
			);
			name = LaunchScreen.storyboard;
			sourceTree = "<group>";
		};
/* End PBXVariantGroup section */

/* Begin XCBuildConfiguration section */
		A9E4DB33201AE917006B8B4C /* Debug */ = {
			isa = XCBuildConfiguration;
			buildSettings = {
				ALWAYS_SEARCH_USER_PATHS = NO;
				CLANG_ANALYZER_NONNULL = YES;
				CLANG_ANALYZER_NUMBER_OBJECT_CONVERSION = YES_AGGRESSIVE;
				CLANG_CXX_LANGUAGE_STANDARD = "gnu++14";
				CLANG_CXX_LIBRARY = "libc++";
				CLANG_ENABLE_MODULES = YES;
				CLANG_ENABLE_OBJC_ARC = YES;
				CLANG_WARN_BLOCK_CAPTURE_AUTORELEASING = YES;
				CLANG_WARN_BOOL_CONVERSION = YES;
				CLANG_WARN_COMMA = YES;
				CLANG_WARN_CONSTANT_CONVERSION = YES;
				CLANG_WARN_DIRECT_OBJC_ISA_USAGE = YES_ERROR;
				CLANG_WARN_DOCUMENTATION_COMMENTS = YES;
				CLANG_WARN_EMPTY_BODY = YES;
				CLANG_WARN_ENUM_CONVERSION = YES;
				CLANG_WARN_INFINITE_RECURSION = YES;
				CLANG_WARN_INT_CONVERSION = YES;
				CLANG_WARN_NON_LITERAL_NULL_CONVERSION = YES;
				CLANG_WARN_OBJC_LITERAL_CONVERSION = YES;
				CLANG_WARN_OBJC_ROOT_CLASS = YES_ERROR;
				CLANG_WARN_RANGE_LOOP_ANALYSIS = YES;
				CLANG_WARN_STRICT_PROTOTYPES = YES;
				CLANG_WARN_SUSPICIOUS_MOVE = YES;
				CLANG_WARN_UNGUARDED_AVAILABILITY = YES_AGGRESSIVE;
				CLANG_WARN_UNREACHABLE_CODE = YES;
				CLANG_WARN__DUPLICATE_METHOD_MATCH = YES;
				CODE_SIGN_IDENTITY = "iPhone Developer";
				COPY_PHASE_STRIP = NO;
				DEBUG_INFORMATION_FORMAT = dwarf;
				ENABLE_STRICT_OBJC_MSGSEND = YES;
				ENABLE_TESTABILITY = YES;
				GCC_C_LANGUAGE_STANDARD = gnu11;
				GCC_DYNAMIC_NO_PIC = NO;
				GCC_NO_COMMON_BLOCKS = YES;
				GCC_OPTIMIZATION_LEVEL = 0;
				GCC_PREPROCESSOR_DEFINITIONS = (
					"DEBUG=1",
					"$(inherited)",
				);
				GCC_WARN_64_TO_32_BIT_CONVERSION = YES;
				GCC_WARN_ABOUT_RETURN_TYPE = YES_ERROR;
				GCC_WARN_UNDECLARED_SELECTOR = YES;
				GCC_WARN_UNINITIALIZED_AUTOS = YES_AGGRESSIVE;
				GCC_WARN_UNUSED_FUNCTION = YES;
				GCC_WARN_UNUSED_VARIABLE = YES;
				IPHONEOS_DEPLOYMENT_TARGET = 11.2;
				MTL_ENABLE_DEBUG_INFO = YES;
				ONLY_ACTIVE_ARCH = YES;
				SDKROOT = iphoneos;
				SWIFT_ACTIVE_COMPILATION_CONDITIONS = DEBUG;
				SWIFT_OPTIMIZATION_LEVEL = "-Onone";
			};
			name = Debug;
		};
		A9E4DB34201AE917006B8B4C /* Release */ = {
			isa = XCBuildConfiguration;
			buildSettings = {
				ALWAYS_SEARCH_USER_PATHS = NO;
				CLANG_ANALYZER_NONNULL = YES;
				CLANG_ANALYZER_NUMBER_OBJECT_CONVERSION = YES_AGGRESSIVE;
				CLANG_CXX_LANGUAGE_STANDARD = "gnu++14";
				CLANG_CXX_LIBRARY = "libc++";
				CLANG_ENABLE_MODULES = YES;
				CLANG_ENABLE_OBJC_ARC = YES;
				CLANG_WARN_BLOCK_CAPTURE_AUTORELEASING = YES;
				CLANG_WARN_BOOL_CONVERSION = YES;
				CLANG_WARN_COMMA = YES;
				CLANG_WARN_CONSTANT_CONVERSION = YES;
				CLANG_WARN_DIRECT_OBJC_ISA_USAGE = YES_ERROR;
				CLANG_WARN_DOCUMENTATION_COMMENTS = YES;
				CLANG_WARN_EMPTY_BODY = YES;
				CLANG_WARN_ENUM_CONVERSION = YES;
				CLANG_WARN_INFINITE_RECURSION = YES;
				CLANG_WARN_INT_CONVERSION = YES;
				CLANG_WARN_NON_LITERAL_NULL_CONVERSION = YES;
				CLANG_WARN_OBJC_LITERAL_CONVERSION = YES;
				CLANG_WARN_OBJC_ROOT_CLASS = YES_ERROR;
				CLANG_WARN_RANGE_LOOP_ANALYSIS = YES;
				CLANG_WARN_STRICT_PROTOTYPES = YES;
				CLANG_WARN_SUSPICIOUS_MOVE = YES;
				CLANG_WARN_UNGUARDED_AVAILABILITY = YES_AGGRESSIVE;
				CLANG_WARN_UNREACHABLE_CODE = YES;
				CLANG_WARN__DUPLICATE_METHOD_MATCH = YES;
				CODE_SIGN_IDENTITY = "iPhone Developer";
				COPY_PHASE_STRIP = NO;
				DEBUG_INFORMATION_FORMAT = "dwarf-with-dsym";
				ENABLE_NS_ASSERTIONS = NO;
				ENABLE_STRICT_OBJC_MSGSEND = YES;
				GCC_C_LANGUAGE_STANDARD = gnu11;
				GCC_NO_COMMON_BLOCKS = YES;
				GCC_WARN_64_TO_32_BIT_CONVERSION = YES;
				GCC_WARN_ABOUT_RETURN_TYPE = YES_ERROR;
				GCC_WARN_UNDECLARED_SELECTOR = YES;
				GCC_WARN_UNINITIALIZED_AUTOS = YES_AGGRESSIVE;
				GCC_WARN_UNUSED_FUNCTION = YES;
				GCC_WARN_UNUSED_VARIABLE = YES;
				IPHONEOS_DEPLOYMENT_TARGET = 11.2;
				MTL_ENABLE_DEBUG_INFO = NO;
				SDKROOT = iphoneos;
				SWIFT_OPTIMIZATION_LEVEL = "-Owholemodule";
				VALIDATE_PRODUCT = YES;
			};
			name = Release;
		};
		A9E4DB36201AE917006B8B4C /* Debug */ = {
			isa = XCBuildConfiguration;
			baseConfigurationReference = FB9911E0C466C1B91AC054F6 /* Pods-StampCard.debug.xcconfig */;
			buildSettings = {
				ASSETCATALOG_COMPILER_APPICON_NAME = AppIcon;
				CODE_SIGN_STYLE = Automatic;
				DEVELOPMENT_TEAM = 95Z3XV9CNG;
				INFOPLIST_FILE = StampCard/Info.plist;
				LD_RUNPATH_SEARCH_PATHS = "$(inherited) @executable_path/Frameworks";
				PRODUCT_BUNDLE_IDENTIFIER = com.kitagawatrading.StampCard;
				PRODUCT_NAME = "$(TARGET_NAME)";
				SWIFT_VERSION = 4.0;
				TARGETED_DEVICE_FAMILY = "1,2";
			};
			name = Debug;
		};
		A9E4DB37201AE917006B8B4C /* Release */ = {
			isa = XCBuildConfiguration;
			baseConfigurationReference = AAAF88FC83A76610608FCC7A /* Pods-StampCard.release.xcconfig */;
			buildSettings = {
				ASSETCATALOG_COMPILER_APPICON_NAME = AppIcon;
				CODE_SIGN_STYLE = Automatic;
				DEVELOPMENT_TEAM = 95Z3XV9CNG;
				INFOPLIST_FILE = StampCard/Info.plist;
				LD_RUNPATH_SEARCH_PATHS = "$(inherited) @executable_path/Frameworks";
				PRODUCT_BUNDLE_IDENTIFIER = com.kitagawatrading.StampCard;
				PRODUCT_NAME = "$(TARGET_NAME)";
				SWIFT_VERSION = 4.0;
				TARGETED_DEVICE_FAMILY = "1,2";
			};
			name = Release;
		};
/* End XCBuildConfiguration section */

/* Begin XCConfigurationList section */
		A9E4DB1E201AE917006B8B4C /* Build configuration list for PBXProject "StampCard" */ = {
			isa = XCConfigurationList;
			buildConfigurations = (
				A9E4DB33201AE917006B8B4C /* Debug */,
				A9E4DB34201AE917006B8B4C /* Release */,
			);
			defaultConfigurationIsVisible = 0;
			defaultConfigurationName = Release;
		};
		A9E4DB35201AE917006B8B4C /* Build configuration list for PBXNativeTarget "StampCard" */ = {
			isa = XCConfigurationList;
			buildConfigurations = (
				A9E4DB36201AE917006B8B4C /* Debug */,
				A9E4DB37201AE917006B8B4C /* Release */,
			);
			defaultConfigurationIsVisible = 0;
			defaultConfigurationName = Release;
		};
/* End XCConfigurationList section */
	};
	rootObject = A9E4DB1B201AE917006B8B4C /* Project object */;
}
